
Microsoft Visual Studio Solution File, Format Version 12.00
# Visual Studio 15
VisualStudioVersion = 15.0.28307.271
MinimumVisualStudioVersion = 10.0.40219.1
Project("{FAE04EC0-301F-11D3-BF4B-00C04F79EFBC}") = "1-PrimeiroProjeto", "1-PrimeiroProjeto\1-PrimeiroProjeto.csproj", "{A93F03BE-53A9-4343-8F7A-70BFDCBC3ABB}"
EndProject
Project("{FAE04EC0-301F-11D3-BF4B-00C04F79EFBC}") = "2-CriandoVariaveis", "2-CriandoVariaveis\2-CriandoVariaveis.csproj", "{866C608F-5FD6-464E-80DD-D796577EED14}"
EndProject
Project("{FAE04EC0-301F-11D3-BF4B-00C04F79EFBC}") = "3-CriandoVariaveisPontoFlutuante", "3-CriandoVariaveisPontoFlutuante\3-CriandoVariaveisPontoFlutuante.csproj", "{7B557068-823B-4B4C-8799-C8B385573B98}"
EndProject
Project("{FAE04EC0-301F-11D3-BF4B-00C04F79EFBC}") = "4-ConversoesEOutrosTiposNumericos", "4-ConversoesEOutrosTiposNumericos\4-ConversoesEOutrosTiposNumericos.csproj", "{DAE60056-9B87-4515-BD95-8C3F28E1AAE0}"
EndProject
Project("{FAE04EC0-301F-11D3-BF4B-00C04F79EFBC}") = "5-CaracteresETextos", "5-CaracteresETextos\5-CaracteresETextos.csproj", "{2987DD92-AC87-4890-93FF-EE37AD0BFAC6}"
EndProject
Project("{FAE04EC0-301F-11D3-BF4B-00C04F79EFBC}") = "6-AtribuicoesDeVars", "6-AtribuicoesDeVars\6-AtribuicoesDeVars.csproj", "{212E7255-23D0-4A68-BCEB-719F3830CA9C}"
EndProject
Project("{FAE04EC0-301F-11D3-BF4B-00C04F79EFBC}") = "7-Condicionais", "7-Condicionais\7-Condicionais.csproj", "{F2225B82-87B8-4897-BAF1-52D04CB8F7D6}"
EndProject
Project("{FAE04EC0-301F-11D3-BF4B-00C04F79EFBC}") = "8-Condicionais2", "8-Condicionais2\8-Condicionais2.csproj", "{A17D585F-E356-4850-8A80-AD59A476CD32}"
EndProject
Project("{FAE04EC0-301F-11D3-BF4B-00C04F79EFBC}") = "9-Escopo", "9-Escopo\9-Escopo.csproj", "{420E57CB-C320-443B-BEA9-C72536B54141}"
EndProject
Project("{FAE04EC0-301F-11D3-BF4B-00C04F79EFBC}") = "P10-CalculaPoupanca", "10-CalculaPoupanca\P10-CalculaPoupanca.csproj", "{C8EE5D15-7526-4F5B-A0E2-46B94D34931C}"
EndProject
Project("{FAE04EC0-301F-11D3-BF4B-00C04F79EFBC}") = "P11-CalculaPoupanca2", "P11-CalculaPoupanca2\P11-CalculaPoupanca2.csproj", "{2FB637A0-B157-42D7-B216-50BD707A6678}"
EndProject
Project("{FAE04EC0-301F-11D3-BF4B-00C04F79EFBC}") = "P12-CalculaInvestLP", "P12-CalculaInvestLP\P12-CalculaInvestLP.csproj", "{BF31F708-3756-418F-83A0-5EB54AD9117F}"
EndProject
Project("{FAE04EC0-301F-11D3-BF4B-00C04F79EFBC}") = "P13-ForEncadeado", "P13-ForEncadeado\P13-ForEncadeado.csproj", "{59DE91E2-7D92-46F5-AC2B-EE106D5EE2D6}"
EndProject
Global
	GlobalSection(SolutionConfigurationPlatforms) = preSolution
		Debug|Any CPU = Debug|Any CPU
		Release|Any CPU = Release|Any CPU
	EndGlobalSection
	GlobalSection(ProjectConfigurationPlatforms) = postSolution
		{A93F03BE-53A9-4343-8F7A-70BFDCBC3ABB}.Debug|Any CPU.ActiveCfg = Debug|Any CPU
		{A93F03BE-53A9-4343-8F7A-70BFDCBC3ABB}.Debug|Any CPU.Build.0 = Debug|Any CPU
		{A93F03BE-53A9-4343-8F7A-70BFDCBC3ABB}.Release|Any CPU.ActiveCfg = Release|Any CPU
		{A93F03BE-53A9-4343-8F7A-70BFDCBC3ABB}.Release|Any CPU.Build.0 = Release|Any CPU
		{866C608F-5FD6-464E-80DD-D796577EED14}.Debug|Any CPU.ActiveCfg = Debug|Any CPU
		{866C608F-5FD6-464E-80DD-D796577EED14}.Debug|Any CPU.Build.0 = Debug|Any CPU
		{866C608F-5FD6-464E-80DD-D796577EED14}.Release|Any CPU.ActiveCfg = Release|Any CPU
		{866C608F-5FD6-464E-80DD-D796577EED14}.Release|Any CPU.Build.0 = Release|Any CPU
		{7B557068-823B-4B4C-8799-C8B385573B98}.Debug|Any CPU.ActiveCfg = Debug|Any CPU
		{7B557068-823B-4B4C-8799-C8B385573B98}.Debug|Any CPU.Build.0 = Debug|Any CPU
		{7B557068-823B-4B4C-8799-C8B385573B98}.Release|Any CPU.ActiveCfg = Release|Any CPU
		{7B557068-823B-4B4C-8799-C8B385573B98}.Release|Any CPU.Build.0 = Release|Any CPU
		{DAE60056-9B87-4515-BD95-8C3F28E1AAE0}.Debug|Any CPU.ActiveCfg = Debug|Any CPU
		{DAE60056-9B87-4515-BD95-8C3F28E1AAE0}.Debug|Any CPU.Build.0 = Debug|Any CPU
		{DAE60056-9B87-4515-BD95-8C3F28E1AAE0}.Release|Any CPU.ActiveCfg = Release|Any CPU
		{DAE60056-9B87-4515-BD95-8C3F28E1AAE0}.Release|Any CPU.Build.0 = Release|Any CPU
		{2987DD92-AC87-4890-93FF-EE37AD0BFAC6}.Debug|Any CPU.ActiveCfg = Debug|Any CPU
		{2987DD92-AC87-4890-93FF-EE37AD0BFAC6}.Debug|Any CPU.Build.0 = Debug|Any CPU
		{2987DD92-AC87-4890-93FF-EE37AD0BFAC6}.Release|Any CPU.ActiveCfg = Release|Any CPU
		{2987DD92-AC87-4890-93FF-EE37AD0BFAC6}.Release|Any CPU.Build.0 = Release|Any CPU
		{212E7255-23D0-4A68-BCEB-719F3830CA9C}.Debug|Any CPU.ActiveCfg = Debug|Any CPU
		{212E7255-23D0-4A68-BCEB-719F3830CA9C}.Debug|Any CPU.Build.0 = Debug|Any CPU
		{212E7255-23D0-4A68-BCEB-719F3830CA9C}.Release|Any CPU.ActiveCfg = Release|Any CPU
		{212E7255-23D0-4A68-BCEB-719F3830CA9C}.Release|Any CPU.Build.0 = Release|Any CPU
		{F2225B82-87B8-4897-BAF1-52D04CB8F7D6}.Debug|Any CPU.ActiveCfg = Debug|Any CPU
		{F2225B82-87B8-4897-BAF1-52D04CB8F7D6}.Debug|Any CPU.Build.0 = Debug|Any CPU
		{F2225B82-87B8-4897-BAF1-52D04CB8F7D6}.Release|Any CPU.ActiveCfg = Release|Any CPU
		{F2225B82-87B8-4897-BAF1-52D04CB8F7D6}.Release|Any CPU.Build.0 = Release|Any CPU
		{A17D585F-E356-4850-8A80-AD59A476CD32}.Debug|Any CPU.ActiveCfg = Debug|Any CPU
		{A17D585F-E356-4850-8A80-AD59A476CD32}.Debug|Any CPU.Build.0 = Debug|Any CPU
		{A17D585F-E356-4850-8A80-AD59A476CD32}.Release|Any CPU.ActiveCfg = Release|Any CPU
		{A17D585F-E356-4850-8A80-AD59A476CD32}.Release|Any CPU.Build.0 = Release|Any CPU
		{420E57CB-C320-443B-BEA9-C72536B54141}.Debug|Any CPU.ActiveCfg = Debug|Any CPU
		{420E57CB-C320-443B-BEA9-C72536B54141}.Debug|Any CPU.Build.0 = Debug|Any CPU
		{420E57CB-C320-443B-BEA9-C72536B54141}.Release|Any CPU.ActiveCfg = Release|Any CPU
		{420E57CB-C320-443B-BEA9-C72536B54141}.Release|Any CPU.Build.0 = Release|Any CPU
		{C8EE5D15-7526-4F5B-A0E2-46B94D34931C}.Debug|Any CPU.ActiveCfg = Debug|Any CPU
		{C8EE5D15-7526-4F5B-A0E2-46B94D34931C}.Debug|Any CPU.Build.0 = Debug|Any CPU
		{C8EE5D15-7526-4F5B-A0E2-46B94D34931C}.Release|Any CPU.ActiveCfg = Release|Any CPU
		{C8EE5D15-7526-4F5B-A0E2-46B94D34931C}.Release|Any CPU.Build.0 = Release|Any CPU
		{2FB637A0-B157-42D7-B216-50BD707A6678}.Debug|Any CPU.ActiveCfg = Debug|Any CPU
		{2FB637A0-B157-42D7-B216-50BD707A6678}.Debug|Any CPU.Build.0 = Debug|Any CPU
		{2FB637A0-B157-42D7-B216-50BD707A6678}.Release|Any CPU.ActiveCfg = Release|Any CPU
		{2FB637A0-B157-42D7-B216-50BD707A6678}.Release|Any CPU.Build.0 = Release|Any CPU
		{BF31F708-3756-418F-83A0-5EB54AD9117F}.Debug|Any CPU.ActiveCfg = Debug|Any CPU
		{BF31F708-3756-418F-83A0-5EB54AD9117F}.Debug|Any CPU.Build.0 = Debug|Any CPU
		{BF31F708-3756-418F-83A0-5EB54AD9117F}.Release|Any CPU.ActiveCfg = Release|Any CPU
		{BF31F708-3756-418F-83A0-5EB54AD9117F}.Release|Any CPU.Build.0 = Release|Any CPU
		{59DE91E2-7D92-46F5-AC2B-EE106D5EE2D6}.Debug|Any CPU.ActiveCfg = Debug|Any CPU
		{59DE91E2-7D92-46F5-AC2B-EE106D5EE2D6}.Debug|Any CPU.Build.0 = Debug|Any CPU
		{59DE91E2-7D92-46F5-AC2B-EE106D5EE2D6}.Release|Any CPU.ActiveCfg = Release|Any CPU
		{59DE91E2-7D92-46F5-AC2B-EE106D5EE2D6}.Release|Any CPU.Build.0 = Release|Any CPU
	EndGlobalSection
	GlobalSection(SolutionProperties) = preSolution
		HideSolutionNode = FALSE
	EndGlobalSection
	GlobalSection(ExtensibilityGlobals) = postSolution
		SolutionGuid = {0B099BDB-2638-476F-B03C-2545CBF0393A}
	EndGlobalSection
EndGlobal
